
Microsoft Visual Studio Solution File, Format Version 12.00
# Visual Studio Version 16
VisualStudioVersion = 16.0.31321.278
MinimumVisualStudioVersion = 10.0.40219.1
Project("{FAE04EC0-301F-11D3-BF4B-00C04F79EFBC}") = "WireMock.ConsoleApp", "WireMock.ConsoleApp\WireMock.ConsoleApp.csproj", "{2EFD9FF7-CB0A-4AAE-998F-DA1EB83E6FFF}"
EndProject
Project("{FAE04EC0-301F-11D3-BF4B-00C04F79EFBC}") = "WireMock.Api", "WireMock.Api\WireMock.Api.csproj", "{EE12A38F-63FE-4E73-A12E-5CEC8918E16A}"
EndProject
Project("{FAE04EC0-301F-11D3-BF4B-00C04F79EFBC}") = "WireMock.IntegrationTests", "WireMock.IntegrationTests\WireMock.IntegrationTests.csproj", "{4501D0AC-121E-4AB4-9101-DC0A9A1F7E31}"
EndProject
Global
	GlobalSection(SolutionConfigurationPlatforms) = preSolution
		Debug|Any CPU = Debug|Any CPU
		Release|Any CPU = Release|Any CPU
	EndGlobalSection
	GlobalSection(ProjectConfigurationPlatforms) = postSolution
		{2EFD9FF7-CB0A-4AAE-998F-DA1EB83E6FFF}.Debug|Any CPU.ActiveCfg = Debug|Any CPU
		{2EFD9FF7-CB0A-4AAE-998F-DA1EB83E6FFF}.Debug|Any CPU.Build.0 = Debug|Any CPU
		{2EFD9FF7-CB0A-4AAE-998F-DA1EB83E6FFF}.Release|Any CPU.ActiveCfg = Release|Any CPU
		{2EFD9FF7-CB0A-4AAE-998F-DA1EB83E6FFF}.Release|Any CPU.Build.0 = Release|Any CPU
		{EE12A38F-63FE-4E73-A12E-5CEC8918E16A}.Debug|Any CPU.ActiveCfg = Debug|Any CPU
		{EE12A38F-63FE-4E73-A12E-5CEC8918E16A}.Debug|Any CPU.Build.0 = Debug|Any CPU
		{EE12A38F-63FE-4E73-A12E-5CEC8918E16A}.Release|Any CPU.ActiveCfg = Release|Any CPU
		{EE12A38F-63FE-4E73-A12E-5CEC8918E16A}.Release|Any CPU.Build.0 = Release|Any CPU
		{4501D0AC-121E-4AB4-9101-DC0A9A1F7E31}.Debug|Any CPU.ActiveCfg = Debug|Any CPU
		{4501D0AC-121E-4AB4-9101-DC0A9A1F7E31}.Debug|Any CPU.Build.0 = Debug|Any CPU
		{4501D0AC-121E-4AB4-9101-DC0A9A1F7E31}.Release|Any CPU.ActiveCfg = Release|Any CPU
		{4501D0AC-121E-4AB4-9101-DC0A9A1F7E31}.Release|Any CPU.Build.0 = Release|Any CPU
	EndGlobalSection
	GlobalSection(SolutionProperties) = preSolution
		HideSolutionNode = FALSE
	EndGlobalSection
	GlobalSection(ExtensibilityGlobals) = postSolution
		SolutionGuid = {64441796-33D3-4742-8D6E-8D56E814ACCF}
	EndGlobalSection
EndGlobal
